{
  "originHash" : "50e72bd9a12ba5d7a79fbe1f457ef6b56f8366974451db009be9550a2d8d2219",
  "pins" : [
    {
      "identity" : "swift-asn1",
      "kind" : "remoteSourceControl",
      "location" : "https://github.com/apple/swift-asn1.git",
      "state" : {
        "revision" : "eb50cbd14606a9161cbc5d452f18797c90ef0bab",
        "version" : "1.7.0"
      }
    },
    {
      "identity" : "swift-crypto",
      "kind" : "remoteSourceControl",
      "location" : "https://github.com/apple/swift-crypto.git",
      "state" : {
        "revision" : "e8ed8867ec23bccf5f3bb9342148fa8deaff9b49",
        "version" : "4.1.0"
      }
    }
  ],
  "version" : 3
}
